// !$*UTF8*$!
{
	archiveVersion = 1;
	classes = {
	};
	objectVersion = 46;
	objects = {

/* Begin PBXBuildFile section */
		8C1B215D75E24F2785795AF4 /* libPods.a in Frameworks */ = {isa = PBXBuildFile; fileRef = 223DA25979A6424882E67219 /* libPods.a */; };
		BA01E20D19570D7700B1B78E /* Images.xcassets in Resources */ = {isa = PBXBuildFile; fileRef = BA01E20C19570D7700B1B78E /* Images.xcassets */; };
		BA171A3D19582B70002BD5B6 /* FSConfig.m in Sources */ = {isa = PBXBuildFile; fileRef = BA171A3C19582B70002BD5B6 /* FSConfig.m */; };
		BA171A4119585B36002BD5B6 /* FSPostListViewCell.m in Sources */ = {isa = PBXBuildFile; fileRef = BA171A4019585B36002BD5B6 /* FSPostListViewCell.m */; };
		BA171A4419585CFF002BD5B6 /* FSPostListViewTextCell.m in Sources */ = {isa = PBXBuildFile; fileRef = BA171A4319585CFF002BD5B6 /* FSPostListViewTextCell.m */; };
		BA171A48195864C2002BD5B6 /* NSString+HTML.m in Sources */ = {isa = PBXBuildFile; fileRef = BA171A47195864C2002BD5B6 /* NSString+HTML.m */; settings = {COMPILER_FLAGS = "-fno-objc-arc"; }; };
		BA171A4C195865A9002BD5B6 /* GTMNSString+HTML.m in Sources */ = {isa = PBXBuildFile; fileRef = BA171A4B195865A9002BD5B6 /* GTMNSString+HTML.m */; settings = {COMPILER_FLAGS = "-fno-objc-arc"; }; };
		BA3E5910195710D200E062DE /* main.m in Sources */ = {isa = PBXBuildFile; fileRef = BA3E590F195710D200E062DE /* main.m */; };
		BA4702001957DF16008981AF /* FSPostListViewController.m in Sources */ = {isa = PBXBuildFile; fileRef = BA4701FF1957DF16008981AF /* FSPostListViewController.m */; };
		BA4702061957EA94008981AF /* FSPostDetailViewController.m in Sources */ = {isa = PBXBuildFile; fileRef = BA4702051957EA94008981AF /* FSPostDetailViewController.m */; };
		BA47020B1957F35A008981AF /* FSApplication.m in Sources */ = {isa = PBXBuildFile; fileRef = BA47020A1957F35A008981AF /* FSApplication.m */; };
		BA47020F1957F646008981AF /* FSServiceAgent.m in Sources */ = {isa = PBXBuildFile; fileRef = BA47020E1957F646008981AF /* FSServiceAgent.m */; };
		BA8B190A1957219100F9FC71 /* FSRootViewController.m in Sources */ = {isa = PBXBuildFile; fileRef = BA8B19091957219100F9FC71 /* FSRootViewController.m */; };
		BA8B190D195722D000F9FC71 /* FSNavigationController.m in Sources */ = {isa = PBXBuildFile; fileRef = BA8B190C195722D000F9FC71 /* FSNavigationController.m */; };
		BA8B19101957240D00F9FC71 /* FSNavigatableViewController.m in Sources */ = {isa = PBXBuildFile; fileRef = BA8B190F1957240D00F9FC71 /* FSNavigatableViewController.m */; };
		BA8B19131957242E00F9FC71 /* FSHomeViewController.m in Sources */ = {isa = PBXBuildFile; fileRef = BA8B19121957242E00F9FC71 /* FSHomeViewController.m */; };
		BAD100D119570B1900733224 /* Foundation.framework in Frameworks */ = {isa = PBXBuildFile; fileRef = BAD100D019570B1900733224 /* Foundation.framework */; };
		BAD100D319570B1900733224 /* CoreGraphics.framework in Frameworks */ = {isa = PBXBuildFile; fileRef = BAD100D219570B1900733224 /* CoreGraphics.framework */; };
		BAD100D519570B1900733224 /* UIKit.framework in Frameworks */ = {isa = PBXBuildFile; fileRef = BAD100D419570B1900733224 /* UIKit.framework */; };
		BAF4F09219581A9800BB0745 /* UIDevice+iPad.m in Sources */ = {isa = PBXBuildFile; fileRef = BAF4F08E19581A9800BB0745 /* UIDevice+iPad.m */; };
		BAF4F09319581A9800BB0745 /* MXDateUtil.m in Sources */ = {isa = PBXBuildFile; fileRef = BAF4F09119581A9800BB0745 /* MXDateUtil.m */; };
		BAF4F096195827C700BB0745 /* FeedStore-Config.plist in Resources */ = {isa = PBXBuildFile; fileRef = BAF4F095195827C700BB0745 /* FeedStore-Config.plist */; };
		BAF951DD195877EC00473CCF /* FSPostListViewTextPhotoCell.m in Sources */ = {isa = PBXBuildFile; fileRef = BAF951DC195877EC00473CCF /* FSPostListViewTextPhotoCell.m */; };
/* End PBXBuildFile section */

/* Begin PBXFileReference section */
		223DA25979A6424882E67219 /* libPods.a */ = {isa = PBXFileReference; explicitFileType = archive.ar; includeInIndex = 0; path = libPods.a; sourceTree = BUILT_PRODUCTS_DIR; };
		BA01E20C19570D7700B1B78E /* Images.xcassets */ = {isa = PBXFileReference; lastKnownFileType = folder.assetcatalog; name = Images.xcassets; path = Resources/Images.xcassets; sourceTree = "<group>"; };
		BA171A3B19582B70002BD5B6 /* FSConfig.h */ = {isa = PBXFileReference; fileEncoding = 4; lastKnownFileType = sourcecode.c.h; path = FSConfig.h; sourceTree = "<group>"; };
		BA171A3C19582B70002BD5B6 /* FSConfig.m */ = {isa = PBXFileReference; fileEncoding = 4; lastKnownFileType = sourcecode.c.objc; path = FSConfig.m; sourceTree = "<group>"; };
		BA171A3F19585B36002BD5B6 /* FSPostListViewCell.h */ = {isa = PBXFileReference; fileEncoding = 4; lastKnownFileType = sourcecode.c.h; path = FSPostListViewCell.h; sourceTree = "<group>"; };
		BA171A4019585B36002BD5B6 /* FSPostListViewCell.m */ = {isa = PBXFileReference; fileEncoding = 4; lastKnownFileType = sourcecode.c.objc; path = FSPostListViewCell.m; sourceTree = "<group>"; };
		BA171A4219585CFF002BD5B6 /* FSPostListViewTextCell.h */ = {isa = PBXFileReference; fileEncoding = 4; lastKnownFileType = sourcecode.c.h; path = FSPostListViewTextCell.h; sourceTree = "<group>"; };
		BA171A4319585CFF002BD5B6 /* FSPostListViewTextCell.m */ = {isa = PBXFileReference; fileEncoding = 4; lastKnownFileType = sourcecode.c.objc; path = FSPostListViewTextCell.m; sourceTree = "<group>"; };
		BA171A46195864C2002BD5B6 /* NSString+HTML.h */ = {isa = PBXFileReference; fileEncoding = 4; lastKnownFileType = sourcecode.c.h; path = "NSString+HTML.h"; sourceTree = "<group>"; };
		BA171A47195864C2002BD5B6 /* NSString+HTML.m */ = {isa = PBXFileReference; fileEncoding = 4; lastKnownFileType = sourcecode.c.objc; path = "NSString+HTML.m"; sourceTree = "<group>"; };
		BA171A49195865A9002BD5B6 /* GTMDefines.h */ = {isa = PBXFileReference; fileEncoding = 4; lastKnownFileType = sourcecode.c.h; path = GTMDefines.h; sourceTree = "<group>"; };
		BA171A4A195865A9002BD5B6 /* GTMNSString+HTML.h */ = {isa = PBXFileReference; fileEncoding = 4; lastKnownFileType = sourcecode.c.h; path = "GTMNSString+HTML.h"; sourceTree = "<group>"; };
		BA171A4B195865A9002BD5B6 /* GTMNSString+HTML.m */ = {isa = PBXFileReference; fileEncoding = 4; lastKnownFileType = sourcecode.c.objc; path = "GTMNSString+HTML.m"; sourceTree = "<group>"; };
		BA3E5909195710B900E062DE /* FeedStore-Info.plist */ = {isa = PBXFileReference; fileEncoding = 4; lastKnownFileType = text.plist.xml; path = "FeedStore-Info.plist"; sourceTree = SOURCE_ROOT; };
		BA3E590E195710D200E062DE /* FeedStore-Prefix.pch */ = {isa = PBXFileReference; fileEncoding = 4; lastKnownFileType = sourcecode.c.h; name = "FeedStore-Prefix.pch"; path = "Source/FeedStore-Prefix.pch"; sourceTree = SOURCE_ROOT; };
		BA3E590F195710D200E062DE /* main.m */ = {isa = PBXFileReference; fileEncoding = 4; lastKnownFileType = sourcecode.c.objc; name = main.m; path = Source/main.m; sourceTree = SOURCE_ROOT; };
		BA4701FE1957DF16008981AF /* FSPostListViewController.h */ = {isa = PBXFileReference; fileEncoding = 4; lastKnownFileType = sourcecode.c.h; path = FSPostListViewController.h; sourceTree = "<group>"; };
		BA4701FF1957DF16008981AF /* FSPostListViewController.m */ = {isa = PBXFileReference; fileEncoding = 4; lastKnownFileType = sourcecode.c.objc; path = FSPostListViewController.m; sourceTree = "<group>"; };
		BA4702041957EA94008981AF /* FSPostDetailViewController.h */ = {isa = PBXFileReference; fileEncoding = 4; lastKnownFileType = sourcecode.c.h; path = FSPostDetailViewController.h; sourceTree = "<group>"; };
		BA4702051957EA94008981AF /* FSPostDetailViewController.m */ = {isa = PBXFileReference; fileEncoding = 4; lastKnownFileType = sourcecode.c.objc; path = FSPostDetailViewController.m; sourceTree = "<group>"; };
		BA4702091957F35A008981AF /* FSApplication.h */ = {isa = PBXFileReference; fileEncoding = 4; lastKnownFileType = sourcecode.c.h; path = FSApplication.h; sourceTree = "<group>"; };
		BA47020A1957F35A008981AF /* FSApplication.m */ = {isa = PBXFileReference; fileEncoding = 4; lastKnownFileType = sourcecode.c.objc; path = FSApplication.m; sourceTree = "<group>"; };
		BA47020D1957F646008981AF /* FSServiceAgent.h */ = {isa = PBXFileReference; fileEncoding = 4; lastKnownFileType = sourcecode.c.h; path = FSServiceAgent.h; sourceTree = "<group>"; };
		BA47020E1957F646008981AF /* FSServiceAgent.m */ = {isa = PBXFileReference; fileEncoding = 4; lastKnownFileType = sourcecode.c.objc; path = FSServiceAgent.m; sourceTree = "<group>"; };
		BA8B19081957219100F9FC71 /* FSRootViewController.h */ = {isa = PBXFileReference; fileEncoding = 4; lastKnownFileType = sourcecode.c.h; path = FSRootViewController.h; sourceTree = "<group>"; };
		BA8B19091957219100F9FC71 /* FSRootViewController.m */ = {isa = PBXFileReference; fileEncoding = 4; lastKnownFileType = sourcecode.c.objc; path = FSRootViewController.m; sourceTree = "<group>"; };
		BA8B190B195722D000F9FC71 /* FSNavigationController.h */ = {isa = PBXFileReference; fileEncoding = 4; lastKnownFileType = sourcecode.c.h; path = FSNavigationController.h; sourceTree = "<group>"; };
		BA8B190C195722D000F9FC71 /* FSNavigationController.m */ = {isa = PBXFileReference; fileEncoding = 4; lastKnownFileType = sourcecode.c.objc; path = FSNavigationController.m; sourceTree = "<group>"; };
		BA8B190E1957240D00F9FC71 /* FSNavigatableViewController.h */ = {isa = PBXFileReference; fileEncoding = 4; lastKnownFileType = sourcecode.c.h; path = FSNavigatableViewController.h; sourceTree = "<group>"; };
		BA8B190F1957240D00F9FC71 /* FSNavigatableViewController.m */ = {isa = PBXFileReference; fileEncoding = 4; lastKnownFileType = sourcecode.c.objc; path = FSNavigatableViewController.m; sourceTree = "<group>"; };
		BA8B19111957242E00F9FC71 /* FSHomeViewController.h */ = {isa = PBXFileReference; fileEncoding = 4; lastKnownFileType = sourcecode.c.h; path = FSHomeViewController.h; sourceTree = "<group>"; };
		BA8B19121957242E00F9FC71 /* FSHomeViewController.m */ = {isa = PBXFileReference; fileEncoding = 4; lastKnownFileType = sourcecode.c.objc; path = FSHomeViewController.m; sourceTree = "<group>"; };
		BAD100CD19570B1900733224 /* FeedStore.app */ = {isa = PBXFileReference; explicitFileType = wrapper.application; includeInIndex = 0; path = FeedStore.app; sourceTree = BUILT_PRODUCTS_DIR; };
		BAD100D019570B1900733224 /* Foundation.framework */ = {isa = PBXFileReference; lastKnownFileType = wrapper.framework; name = Foundation.framework; path = System/Library/Frameworks/Foundation.framework; sourceTree = SDKROOT; };
		BAD100D219570B1900733224 /* CoreGraphics.framework */ = {isa = PBXFileReference; lastKnownFileType = wrapper.framework; name = CoreGraphics.framework; path = System/Library/Frameworks/CoreGraphics.framework; sourceTree = SDKROOT; };
		BAD100D419570B1900733224 /* UIKit.framework */ = {isa = PBXFileReference; lastKnownFileType = wrapper.framework; name = UIKit.framework; path = System/Library/Frameworks/UIKit.framework; sourceTree = SDKROOT; };
		BAD100E919570B1A00733224 /* XCTest.framework */ = {isa = PBXFileReference; lastKnownFileType = wrapper.framework; name = XCTest.framework; path = Library/Frameworks/XCTest.framework; sourceTree = DEVELOPER_DIR; };
		BAF4F08A19581A9800BB0745 /* prefix.h */ = {isa = PBXFileReference; fileEncoding = 4; lastKnownFileType = sourcecode.c.h; path = prefix.h; sourceTree = "<group>"; };
		BAF4F08C19581A9800BB0745 /* UIColor+.h */ = {isa = PBXFileReference; fileEncoding = 4; lastKnownFileType = sourcecode.c.h; path = "UIColor+.h"; sourceTree = "<group>"; };
		BAF4F08D19581A9800BB0745 /* UIDevice+iPad.h */ = {isa = PBXFileReference; fileEncoding = 4; lastKnownFileType = sourcecode.c.h; path = "UIDevice+iPad.h"; sourceTree = "<group>"; };
		BAF4F08E19581A9800BB0745 /* UIDevice+iPad.m */ = {isa = PBXFileReference; fileEncoding = 4; lastKnownFileType = sourcecode.c.objc; path = "UIDevice+iPad.m"; sourceTree = "<group>"; };
		BAF4F09019581A9800BB0745 /* MXDateUtil.h */ = {isa = PBXFileReference; fileEncoding = 4; lastKnownFileType = sourcecode.c.h; path = MXDateUtil.h; sourceTree = "<group>"; };
		BAF4F09119581A9800BB0745 /* MXDateUtil.m */ = {isa = PBXFileReference; fileEncoding = 4; lastKnownFileType = sourcecode.c.objc; path = MXDateUtil.m; sourceTree = "<group>"; };
		BAF4F095195827C700BB0745 /* FeedStore-Config.plist */ = {isa = PBXFileReference; fileEncoding = 4; lastKnownFileType = text.plist.xml; path = "FeedStore-Config.plist"; sourceTree = "<group>"; };
		BAF951DB195877EC00473CCF /* FSPostListViewTextPhotoCell.h */ = {isa = PBXFileReference; fileEncoding = 4; lastKnownFileType = sourcecode.c.h; path = FSPostListViewTextPhotoCell.h; sourceTree = "<group>"; };
		BAF951DC195877EC00473CCF /* FSPostListViewTextPhotoCell.m */ = {isa = PBXFileReference; fileEncoding = 4; lastKnownFileType = sourcecode.c.objc; path = FSPostListViewTextPhotoCell.m; sourceTree = "<group>"; };
		C5BC505132D04F0A973B1099 /* Pods.xcconfig */ = {isa = PBXFileReference; includeInIndex = 1; lastKnownFileType = text.xcconfig; name = Pods.xcconfig; path = Pods/Pods.xcconfig; sourceTree = "<group>"; };
/* End PBXFileReference section */

/* Begin PBXFrameworksBuildPhase section */
		BAD100CA19570B1900733224 /* Frameworks */ = {
			isa = PBXFrameworksBuildPhase;
			buildActionMask = 2147483647;
			files = (
				BAD100D319570B1900733224 /* CoreGraphics.framework in Frameworks */,
				BAD100D519570B1900733224 /* UIKit.framework in Frameworks */,
				BAD100D119570B1900733224 /* Foundation.framework in Frameworks */,
				8C1B215D75E24F2785795AF4 /* libPods.a in Frameworks */,
			);
			runOnlyForDeploymentPostprocessing = 0;
		};
/* End PBXFrameworksBuildPhase section */

/* Begin PBXGroup section */
		BA01E20B19570D5700B1B78E /* Resources */ = {
			isa = PBXGroup;
			children = (
				BA01E20C19570D7700B1B78E /* Images.xcassets */,
			);
			name = Resources;
			sourceTree = "<group>";
		};
		BA171A3A19582B38002BD5B6 /* conf */ = {
			isa = PBXGroup;
			children = (
				BA171A3B19582B70002BD5B6 /* FSConfig.h */,
				BA171A3C19582B70002BD5B6 /* FSConfig.m */,
			);
			path = conf;
			sourceTree = "<group>";
		};
		BA171A3E19585A50002BD5B6 /* cell */ = {
			isa = PBXGroup;
			children = (
				BA171A3F19585B36002BD5B6 /* FSPostListViewCell.h */,
				BA171A4019585B36002BD5B6 /* FSPostListViewCell.m */,
				BA171A4219585CFF002BD5B6 /* FSPostListViewTextCell.h */,
				BA171A4319585CFF002BD5B6 /* FSPostListViewTextCell.m */,
				BAF951DB195877EC00473CCF /* FSPostListViewTextPhotoCell.h */,
				BAF951DC195877EC00473CCF /* FSPostListViewTextPhotoCell.m */,
			);
			path = cell;
			sourceTree = "<group>";
		};
		BA171A45195864C2002BD5B6 /* ext */ = {
			isa = PBXGroup;
			children = (
				BA171A49195865A9002BD5B6 /* GTMDefines.h */,
				BA171A4A195865A9002BD5B6 /* GTMNSString+HTML.h */,
				BA171A4B195865A9002BD5B6 /* GTMNSString+HTML.m */,
				BA171A46195864C2002BD5B6 /* NSString+HTML.h */,
				BA171A47195864C2002BD5B6 /* NSString+HTML.m */,
			);
			path = ext;
			sourceTree = "<group>";
		};
		BA4702071957F303008981AF /* service */ = {
			isa = PBXGroup;
			children = (
				BA47020D1957F646008981AF /* FSServiceAgent.h */,
				BA47020E1957F646008981AF /* FSServiceAgent.m */,
			);
			path = service;
			sourceTree = "<group>";
		};
		BA4702081957F35A008981AF /* app */ = {
			isa = PBXGroup;
			children = (
				BA4702091957F35A008981AF /* FSApplication.h */,
				BA47020A1957F35A008981AF /* FSApplication.m */,
			);
			path = app;
			sourceTree = "<group>";
		};
		BA47020C1957F625008981AF /* store */ = {
			isa = PBXGroup;
			children = (
			);
			path = store;
			sourceTree = "<group>";
		};
		BA8B18751957198600F9FC71 /* fs */ = {
			isa = PBXGroup;
			children = (
				BA4702081957F35A008981AF /* app */,
				BA171A3A19582B38002BD5B6 /* conf */,
				BA171A45195864C2002BD5B6 /* ext */,
				BA4702071957F303008981AF /* service */,
				BA47020C1957F625008981AF /* store */,
				BA8B187A19571C7400F9FC71 /* ui */,
			);
			name = fs;
			path = Source/fs;
			sourceTree = SOURCE_ROOT;
		};
		BA8B187A19571C7400F9FC71 /* ui */ = {
			isa = PBXGroup;
			children = (
				BA171A3E19585A50002BD5B6 /* cell */,
				BA8B19111957242E00F9FC71 /* FSHomeViewController.h */,
				BA8B19121957242E00F9FC71 /* FSHomeViewController.m */,
				BA8B190E1957240D00F9FC71 /* FSNavigatableViewController.h */,
				BA8B190F1957240D00F9FC71 /* FSNavigatableViewController.m */,
				BA8B190B195722D000F9FC71 /* FSNavigationController.h */,
				BA8B190C195722D000F9FC71 /* FSNavigationController.m */,
				BA4702041957EA94008981AF /* FSPostDetailViewController.h */,
				BA4702051957EA94008981AF /* FSPostDetailViewController.m */,
				BA4701FE1957DF16008981AF /* FSPostListViewController.h */,
				BA4701FF1957DF16008981AF /* FSPostListViewController.m */,
				BA8B19081957219100F9FC71 /* FSRootViewController.h */,
				BA8B19091957219100F9FC71 /* FSRootViewController.m */,
			);
			path = ui;
			sourceTree = "<group>";
		};
		BAD100C419570B1900733224 = {
			isa = PBXGroup;
			children = (
				BAF4F0941958279800BB0745 /* Configurations */,
				BAD100D619570B1900733224 /* Source */,
				BAD100D719570B1900733224 /* Supporting Files */,
				BA01E20B19570D5700B1B78E /* Resources */,
				BAD100CF19570B1900733224 /* Frameworks */,
				BAD100CE19570B1900733224 /* Products */,
				C5BC505132D04F0A973B1099 /* Pods.xcconfig */,
			);
			sourceTree = "<group>";
		};
		BAD100CE19570B1900733224 /* Products */ = {
			isa = PBXGroup;
			children = (
				BAD100CD19570B1900733224 /* FeedStore.app */,
			);
			name = Products;
			sourceTree = "<group>";
		};
		BAD100CF19570B1900733224 /* Frameworks */ = {
			isa = PBXGroup;
			children = (
				BAD100D019570B1900733224 /* Foundation.framework */,
				BAD100D219570B1900733224 /* CoreGraphics.framework */,
				BAD100D419570B1900733224 /* UIKit.framework */,
				BAD100E919570B1A00733224 /* XCTest.framework */,
				223DA25979A6424882E67219 /* libPods.a */,
			);
			name = Frameworks;
			sourceTree = "<group>";
		};
		BAD100D619570B1900733224 /* Source */ = {
			isa = PBXGroup;
			children = (
				BA8B18751957198600F9FC71 /* fs */,
				BAF4F08919581A9800BB0745 /* mx */,
			);
			name = Source;
			path = FeedStore;
			sourceTree = "<group>";
		};
		BAD100D719570B1900733224 /* Supporting Files */ = {
			isa = PBXGroup;
			children = (
				BA3E590F195710D200E062DE /* main.m */,
				BA3E590E195710D200E062DE /* FeedStore-Prefix.pch */,
				BA3E5909195710B900E062DE /* FeedStore-Info.plist */,
			);
			name = "Supporting Files";
			path = FeedStore;
			sourceTree = "<group>";
		};
		BAF4F08919581A9800BB0745 /* mx */ = {
			isa = PBXGroup;
			children = (
				BAF4F08B19581A9800BB0745 /* ui */,
				BAF4F08F19581A9800BB0745 /* util */,
				BAF4F08A19581A9800BB0745 /* prefix.h */,
			);
			name = mx;
			path = Source/mx;
			sourceTree = SOURCE_ROOT;
		};
		BAF4F08B19581A9800BB0745 /* ui */ = {
			isa = PBXGroup;
			children = (
				BAF4F08C19581A9800BB0745 /* UIColor+.h */,
				BAF4F08D19581A9800BB0745 /* UIDevice+iPad.h */,
				BAF4F08E19581A9800BB0745 /* UIDevice+iPad.m */,
			);
			path = ui;
			sourceTree = "<group>";
		};
		BAF4F08F19581A9800BB0745 /* util */ = {
			isa = PBXGroup;
			children = (
				BAF4F09019581A9800BB0745 /* MXDateUtil.h */,
				BAF4F09119581A9800BB0745 /* MXDateUtil.m */,
			);
			path = util;
			sourceTree = "<group>";
		};
		BAF4F0941958279800BB0745 /* Configurations */ = {
			isa = PBXGroup;
			children = (
				BAF4F095195827C700BB0745 /* FeedStore-Config.plist */,
			);
			path = Configurations;
			sourceTree = "<group>";
		};
/* End PBXGroup section */

/* Begin PBXNativeTarget section */
		BAD100CC19570B1900733224 /* FeedStore */ = {
			isa = PBXNativeTarget;
			buildConfigurationList = BAD100F919570B1A00733224 /* Build configuration list for PBXNativeTarget "FeedStore" */;
			buildPhases = (
				F512E34DC8744B51A66F5CBD /* Check Pods Manifest.lock */,
				BAD100C919570B1900733224 /* Sources */,
				BAD100CA19570B1900733224 /* Frameworks */,
				BAD100CB19570B1900733224 /* Resources */,
				3793BB0759D643569F3F0C4C /* Copy Pods Resources */,
			);
			buildRules = (
			);
			dependencies = (
			);
			name = FeedStore;
			productName = FeedStore;
			productReference = BAD100CD19570B1900733224 /* FeedStore.app */;
			productType = "com.apple.product-type.application";
		};
/* End PBXNativeTarget section */

/* Begin PBXProject section */
		BAD100C519570B1900733224 /* Project object */ = {
			isa = PBXProject;
			attributes = {
				CLASSPREFIX = FS;
				LastUpgradeCheck = 0510;
				ORGANIZATIONNAME = MagicCube;
				TargetAttributes = {
					BAD100CC19570B1900733224 = {
						DevelopmentTeam = 4JX28H9K85;
					};
				};
			};
			buildConfigurationList = BAD100C819570B1900733224 /* Build configuration list for PBXProject "FeedStore" */;
			compatibilityVersion = "Xcode 3.2";
			developmentRegion = English;
			hasScannedForEncodings = 0;
			knownRegions = (
				en,
			);
			mainGroup = BAD100C419570B1900733224;
			productRefGroup = BAD100CE19570B1900733224 /* Products */;
			projectDirPath = "";
			projectRoot = "";
			targets = (
				BAD100CC19570B1900733224 /* FeedStore */,
			);
		};
/* End PBXProject section */

/* Begin PBXResourcesBuildPhase section */
		BAD100CB19570B1900733224 /* Resources */ = {
			isa = PBXResourcesBuildPhase;
			buildActionMask = 2147483647;
			files = (
				BAF4F096195827C700BB0745 /* FeedStore-Config.plist in Resources */,
				BA01E20D19570D7700B1B78E /* Images.xcassets in Resources */,
			);
			runOnlyForDeploymentPostprocessing = 0;
		};
/* End PBXResourcesBuildPhase section */

/* Begin PBXShellScriptBuildPhase section */
		3793BB0759D643569F3F0C4C /* Copy Pods Resources */ = {
			isa = PBXShellScriptBuildPhase;
			buildActionMask = 2147483647;
			files = (
			);
			inputPaths = (
			);
			name = "Copy Pods Resources";
			outputPaths = (
			);
			runOnlyForDeploymentPostprocessing = 0;
			shellPath = /bin/sh;
			shellScript = "\"${SRCROOT}/Pods/Pods-resources.sh\"\n";
			showEnvVarsInLog = 0;
		};
		F512E34DC8744B51A66F5CBD /* Check Pods Manifest.lock */ = {
			isa = PBXShellScriptBuildPhase;
			buildActionMask = 2147483647;
			files = (
			);
			inputPaths = (
			);
			name = "Check Pods Manifest.lock";
			outputPaths = (
			);
			runOnlyForDeploymentPostprocessing = 0;
			shellPath = /bin/sh;
			shellScript = "diff \"${PODS_ROOT}/../Podfile.lock\" \"${PODS_ROOT}/Manifest.lock\" > /dev/null\nif [[ $? != 0 ]] ; then\n    cat << EOM\nerror: The sandbox is not in sync with the Podfile.lock. Run 'pod install' or update your CocoaPods installation.\nEOM\n    exit 1\nfi\n";
			showEnvVarsInLog = 0;
		};
/* End PBXShellScriptBuildPhase section */

/* Begin PBXSourcesBuildPhase section */
		BAD100C919570B1900733224 /* Sources */ = {
			isa = PBXSourcesBuildPhase;
			buildActionMask = 2147483647;
			files = (
				BA4702061957EA94008981AF /* FSPostDetailViewController.m in Sources */,
				BAF951DD195877EC00473CCF /* FSPostListViewTextPhotoCell.m in Sources */,
				BA4702001957DF16008981AF /* FSPostListViewController.m in Sources */,
				BA8B19131957242E00F9FC71 /* FSHomeViewController.m in Sources */,
				BAF4F09219581A9800BB0745 /* UIDevice+iPad.m in Sources */,
				BA8B190D195722D000F9FC71 /* FSNavigationController.m in Sources */,
				BA3E5910195710D200E062DE /* main.m in Sources */,
				BA47020F1957F646008981AF /* FSServiceAgent.m in Sources */,
				BA171A48195864C2002BD5B6 /* NSString+HTML.m in Sources */,
				BA171A4419585CFF002BD5B6 /* FSPostListViewTextCell.m in Sources */,
				BAF4F09319581A9800BB0745 /* MXDateUtil.m in Sources */,
				BA171A3D19582B70002BD5B6 /* FSConfig.m in Sources */,
				BA171A4119585B36002BD5B6 /* FSPostListViewCell.m in Sources */,
				BA8B19101957240D00F9FC71 /* FSNavigatableViewController.m in Sources */,
				BA171A4C195865A9002BD5B6 /* GTMNSString+HTML.m in Sources */,
				BA8B190A1957219100F9FC71 /* FSRootViewController.m in Sources */,
				BA47020B1957F35A008981AF /* FSApplication.m in Sources */,
			);
			runOnlyForDeploymentPostprocessing = 0;
		};
/* End PBXSourcesBuildPhase section */

/* Begin XCBuildConfiguration section */
		BAD100F719570B1A00733224 /* Debug */ = {
			isa = XCBuildConfiguration;
			buildSettings = {
				ALWAYS_SEARCH_USER_PATHS = NO;
				CLANG_CXX_LANGUAGE_STANDARD = "gnu++0x";
				CLANG_CXX_LIBRARY = "libc++";
				CLANG_ENABLE_MODULES = YES;
				CLANG_ENABLE_OBJC_ARC = YES;
				CLANG_WARN_BOOL_CONVERSION = YES;
				CLANG_WARN_CONSTANT_CONVERSION = YES;
				CLANG_WARN_DIRECT_OBJC_ISA_USAGE = YES_ERROR;
				CLANG_WARN_EMPTY_BODY = YES;
				CLANG_WARN_ENUM_CONVERSION = YES;
				CLANG_WARN_INT_CONVERSION = YES;
				CLANG_WARN_OBJC_ROOT_CLASS = YES_ERROR;
				CLANG_WARN__DUPLICATE_METHOD_MATCH = YES;
				"CODE_SIGN_IDENTITY[sdk=iphoneos*]" = "iPhone Developer";
				COPY_PHASE_STRIP = NO;
				GCC_C_LANGUAGE_STANDARD = gnu99;
				GCC_DYNAMIC_NO_PIC = NO;
				GCC_OPTIMIZATION_LEVEL = 0;
				GCC_PREPROCESSOR_DEFINITIONS = (
					"DEBUG=1",
					"$(inherited)",
				);
				GCC_SYMBOLS_PRIVATE_EXTERN = NO;
				GCC_WARN_64_TO_32_BIT_CONVERSION = YES;
				GCC_WARN_ABOUT_RETURN_TYPE = YES_ERROR;
				GCC_WARN_UNDECLARED_SELECTOR = YES;
				GCC_WARN_UNINITIALIZED_AUTOS = YES_AGGRESSIVE;
				GCC_WARN_UNUSED_FUNCTION = YES;
				GCC_WARN_UNUSED_VARIABLE = YES;
				INFOPLIST_FILE = "";
				IPHONEOS_DEPLOYMENT_TARGET = 7.1;
				ONLY_ACTIVE_ARCH = YES;
				SDKROOT = iphoneos;
				TARGETED_DEVICE_FAMILY = "1,2";
			};
			name = Debug;
		};
		BAD100F819570B1A00733224 /* Release */ = {
			isa = XCBuildConfiguration;
			buildSettings = {
				ALWAYS_SEARCH_USER_PATHS = NO;
				CLANG_CXX_LANGUAGE_STANDARD = "gnu++0x";
				CLANG_CXX_LIBRARY = "libc++";
				CLANG_ENABLE_MODULES = YES;
				CLANG_ENABLE_OBJC_ARC = YES;
				CLANG_WARN_BOOL_CONVERSION = YES;
				CLANG_WARN_CONSTANT_CONVERSION = YES;
				CLANG_WARN_DIRECT_OBJC_ISA_USAGE = YES_ERROR;
				CLANG_WARN_EMPTY_BODY = YES;
				CLANG_WARN_ENUM_CONVERSION = YES;
				CLANG_WARN_INT_CONVERSION = YES;
				CLANG_WARN_OBJC_ROOT_CLASS = YES_ERROR;
				CLANG_WARN__DUPLICATE_METHOD_MATCH = YES;
				"CODE_SIGN_IDENTITY[sdk=iphoneos*]" = "iPhone Developer";
				COPY_PHASE_STRIP = YES;
				ENABLE_NS_ASSERTIONS = NO;
				GCC_C_LANGUAGE_STANDARD = gnu99;
				GCC_WARN_64_TO_32_BIT_CONVERSION = YES;
				GCC_WARN_ABOUT_RETURN_TYPE = YES_ERROR;
				GCC_WARN_UNDECLARED_SELECTOR = YES;
				GCC_WARN_UNINITIALIZED_AUTOS = YES_AGGRESSIVE;
				GCC_WARN_UNUSED_FUNCTION = YES;
				GCC_WARN_UNUSED_VARIABLE = YES;
				INFOPLIST_FILE = "";
				IPHONEOS_DEPLOYMENT_TARGET = 7.1;
				SDKROOT = iphoneos;
				TARGETED_DEVICE_FAMILY = "1,2";
				VALIDATE_PRODUCT = YES;
			};
			name = Release;
		};
		BAD100FA19570B1A00733224 /* Debug */ = {
			isa = XCBuildConfiguration;
			baseConfigurationReference = C5BC505132D04F0A973B1099 /* Pods.xcconfig */;
			buildSettings = {
				ASSETCATALOG_COMPILER_APPICON_NAME = AppIcon;
				ASSETCATALOG_COMPILER_LAUNCHIMAGE_NAME = LaunchImage;
				CODE_SIGN_IDENTITY = "iPhone Developer";
				GCC_PRECOMPILE_PREFIX_HEADER = YES;
				GCC_PREFIX_HEADER = "Source/FeedStore-Prefix.pch";
				INFOPLIST_FILE = "FeedStore-Info.plist";
				IPHONEOS_DEPLOYMENT_TARGET = 7.1;
				PRODUCT_NAME = FeedStore;
				TARGETED_DEVICE_FAMILY = "1,2";
				WRAPPER_EXTENSION = app;
			};
			name = Debug;
		};
		BAD100FB19570B1A00733224 /* Release */ = {
			isa = XCBuildConfiguration;
			baseConfigurationReference = C5BC505132D04F0A973B1099 /* Pods.xcconfig */;
			buildSettings = {
				ASSETCATALOG_COMPILER_APPICON_NAME = AppIcon;
				ASSETCATALOG_COMPILER_LAUNCHIMAGE_NAME = LaunchImage;
				CODE_SIGN_IDENTITY = "iPhone Developer";
				GCC_PRECOMPILE_PREFIX_HEADER = YES;
				GCC_PREFIX_HEADER = "Source/FeedStore-Prefix.pch";
				INFOPLIST_FILE = "FeedStore-Info.plist";
				IPHONEOS_DEPLOYMENT_TARGET = 7.1;
				PRODUCT_NAME = FeedStore;
				TARGETED_DEVICE_FAMILY = "1,2";
				WRAPPER_EXTENSION = app;
			};
			name = Release;
		};
/* End XCBuildConfiguration section */

/* Begin XCConfigurationList section */
		BAD100C819570B1900733224 /* Build configuration list for PBXProject "FeedStore" */ = {
			isa = XCConfigurationList;
			buildConfigurations = (
				BAD100F719570B1A00733224 /* Debug */,
				BAD100F819570B1A00733224 /* Release */,
			);
			defaultConfigurationIsVisible = 0;
			defaultConfigurationName = Release;
		};
		BAD100F919570B1A00733224 /* Build configuration list for PBXNativeTarget "FeedStore" */ = {
			isa = XCConfigurationList;
			buildConfigurations = (
				BAD100FA19570B1A00733224 /* Debug */,
				BAD100FB19570B1A00733224 /* Release */,
			);
			defaultConfigurationIsVisible = 0;
			defaultConfigurationName = Release;
		};
/* End XCConfigurationList section */
	};
	rootObject = BAD100C519570B1900733224 /* Project object */;
}
